{
  "name": "Socialize-starter",
  "version": "1.0.0",
  "lockfileVersion": 1,
  "requires": true,
  "dependencies": {
    "@kadira/storybook": {
      "version": "2.35.3",
      "resolved": "https://registry.npmjs.org/@kadira/storybook/-/storybook-2.35.3.tgz",
      "integrity": "sha1-gQYZXhczYjuvYNtq2qZ43CkoXRI=",
      "dev": true,
      "dependencies": {
        "style-loader": {
          "version": "0.13.1",
          "resolved": "https://registry.npmjs.org/style-loader/-/style-loader-0.13.1.tgz",
          "integrity": "sha1-RoKA77wEcwI806bNVuM7Wh1/w6k="
        },
        "uuid": {
          "version": "2.0.3",
          "resolved": "https://registry.npmjs.org/uuid/-/uuid-2.0.3.tgz",
          "integrity": "sha1-Z+LoY3lyFVMN/zGOW/nc6/1Hsho="
        }
      }
    },
    "babel-core": {
      "version": "6.25.0",
      "resolved": "https://registry.npmjs.org/babel-core/-/babel-core-6.25.0.tgz",
      "integrity": "sha1-fdQrBGPHQunVKW3rPsZ6kyLa1yk=",
      "dev": true
    },
    "babel-eslint": {
      "version": "7.2.3",
      "resolved": "https://registry.npmjs.org/babel-eslint/-/babel-eslint-7.2.3.tgz",
      "integrity": "sha1-sv4tgBJkcPXBlELcdXJTqJdxCCc=",
      "dev": true
    },
    "babel-plugin-react-require": {
      "version": "3.0.0",
      "resolved": "https://registry.npmjs.org/babel-plugin-react-require/-/babel-plugin-react-require-3.0.0.tgz",
      "integrity": "sha1-Lk57RJa5OmVKHIAEInbeTk7rIOM=",
      "dev": true
    },
    "babel-polyfill": {
      "version": "6.23.0",
      "resolved": "https://registry.npmjs.org/babel-polyfill/-/babel-polyfill-6.23.0.tgz",
      "integrity": "sha1-g2TKYt+Or7gwSZ9pkXdGbDsDSZ0=",
      "dev": true
    },
    "babel-preset-es2015": {
      "version": "6.24.1",
      "resolved": "https://registry.npmjs.org/babel-preset-es2015/-/babel-preset-es2015-6.24.1.tgz",
      "integrity": "sha1-1EBQ1rwsn+6nAqrzjXJ6AhBTiTk=",
      "dev": true,
      "dependencies": {
        "babel-plugin-transform-es2015-destructuring": {
          "version": "6.23.0",
          "resolved": "https://registry.npmjs.org/babel-plugin-transform-es2015-destructuring/-/babel-plugin-transform-es2015-destructuring-6.23.0.tgz",
          "integrity": "sha1-mXux8auWf2gtKwh2/jWNYOdlxW0="
        },
        "babel-plugin-transform-es2015-parameters": {
          "version": "6.24.1",
          "resolved": "https://registry.npmjs.org/babel-plugin-transform-es2015-parameters/-/babel-plugin-transform-es2015-parameters-6.24.1.tgz",
          "integrity": "sha1-V6w1GrScrxSpfNE7CfZv3wpiXys="
        },
        "babel-plugin-transform-regenerator": {
          "version": "6.24.1",
          "resolved": "https://registry.npmjs.org/babel-plugin-transform-regenerator/-/babel-plugin-transform-regenerator-6.24.1.tgz",
          "integrity": "sha1-uNowWtQ8PJm0hI5P5AN7dw0jxBg="
        }
      }
    },
    "babel-preset-meteor": {
      "version": "6.26.0",
      "resolved": "https://registry.npmjs.org/babel-preset-meteor/-/babel-preset-meteor-6.26.0.tgz",
      "integrity": "sha1-v+/KEPMGfNPlYxsM1dpQKZb184s=",
      "dev": true,
      "dependencies": {
        "babel-plugin-transform-es2015-destructuring": {
          "version": "6.23.0",
          "resolved": "https://registry.npmjs.org/babel-plugin-transform-es2015-destructuring/-/babel-plugin-transform-es2015-destructuring-6.23.0.tgz",
          "integrity": "sha1-mXux8auWf2gtKwh2/jWNYOdlxW0="
        },
        "babel-plugin-transform-es2015-parameters": {
          "version": "6.24.1",
          "resolved": "https://registry.npmjs.org/babel-plugin-transform-es2015-parameters/-/babel-plugin-transform-es2015-parameters-6.24.1.tgz",
          "integrity": "sha1-V6w1GrScrxSpfNE7CfZv3wpiXys="
        },
        "babel-plugin-transform-object-rest-spread": {
          "version": "6.23.0",
          "resolved": "https://registry.npmjs.org/babel-plugin-transform-object-rest-spread/-/babel-plugin-transform-object-rest-spread-6.23.0.tgz",
          "integrity": "sha1-h11ryb52HFiirj/u5dxIldjH+SE="
        },
        "babel-plugin-transform-regenerator": {
          "version": "6.24.1",
          "resolved": "https://registry.npmjs.org/babel-plugin-transform-regenerator/-/babel-plugin-transform-regenerator-6.24.1.tgz",
          "integrity": "sha1-uNowWtQ8PJm0hI5P5AN7dw0jxBg="
        }
      }
    },
    "babel-preset-react": {
      "version": "6.24.1",
      "resolved": "https://registry.npmjs.org/babel-preset-react/-/babel-preset-react-6.24.1.tgz",
      "integrity": "sha1-umnfrqRfw+xjm2pOzqbhdwLJE4A=",
      "dev": true,
      "dependencies": {
        "babel-plugin-transform-react-jsx-self": {
          "version": "6.22.0",
          "resolved": "https://registry.npmjs.org/babel-plugin-transform-react-jsx-self/-/babel-plugin-transform-react-jsx-self-6.22.0.tgz",
          "integrity": "sha1-322AqdomEqEh5t3XVYvL7PBuY24="
        },
        "babel-plugin-transform-react-jsx-source": {
          "version": "6.22.0",
          "resolved": "https://registry.npmjs.org/babel-plugin-transform-react-jsx-source/-/babel-plugin-transform-react-jsx-source-6.22.0.tgz",
          "integrity": "sha1-ZqwSFT9c0tF7PBkmj0vwGX9E7NY="
        }
      }
    },
    "babel-preset-stage-2": {
      "version": "6.24.1",
      "resolved": "https://registry.npmjs.org/babel-preset-stage-2/-/babel-preset-stage-2-6.24.1.tgz",
      "integrity": "sha1-2eKWD7PXEYfw5k7sYrwHdnIZvcE=",
      "dev": true,
      "dependencies": {
        "babel-plugin-transform-class-properties": {
          "version": "6.24.1",
          "resolved": "https://registry.npmjs.org/babel-plugin-transform-class-properties/-/babel-plugin-transform-class-properties-6.24.1.tgz",
          "integrity": "sha1-anl2PqYdM9NvN7YRqp3vgagbRqw="
        }
      }
    },
    "babel-root-slash-import": {
      "version": "1.1.0",
      "resolved": "https://registry.npmjs.org/babel-root-slash-import/-/babel-root-slash-import-1.1.0.tgz",
      "integrity": "sha1-J9sDSJ+ZZpxSChSG3UrXXVXa19g=",
      "dev": true
    },
    "babel-runtime": {
      "version": "6.23.0",
      "resolved": "https://registry.npmjs.org/babel-runtime/-/babel-runtime-6.23.0.tgz",
      "integrity": "sha1-CpSJ8UTecO+zzkMArM2zKeL8VDs=",
      "dev": true
    },
    "bcrypt": {
      "version": "1.0.2",
      "resolved": "https://registry.npmjs.org/bcrypt/-/bcrypt-1.0.2.tgz",
      "integrity": "sha1-0F/F0iMXPg4o7DgcDwDMJf+vJzY="
    },
    "chai": {
      "version": "3.5.0",
      "resolved": "https://registry.npmjs.org/chai/-/chai-3.5.0.tgz",
      "integrity": "sha1-TQJjewZ/6Vi9v906QOxW/vc3Mkc=",
      "dev": true
    },
    "enzyme": {
      "version": "2.9.1",
      "resolved": "https://registry.npmjs.org/enzyme/-/enzyme-2.9.1.tgz",
      "integrity": "sha1-B9XOaRJBJA+4F78sSxjW5TAkDfY=",
      "dev": true
    },
    "eslint": {
      "version": "3.19.0",
      "resolved": "https://registry.npmjs.org/eslint/-/eslint-3.19.0.tgz",
      "integrity": "sha1-yPxiAcf0DdCJQbh8CFdnOGpnmsw=",
      "dev": true
    },
    "eslint-plugin-jsx-a11y": {
      "version": "4.0.0",
      "resolved": "https://registry.npmjs.org/eslint-plugin-jsx-a11y/-/eslint-plugin-jsx-a11y-4.0.0.tgz",
      "integrity": "sha1-d5uw/nsI2lZKQiYkkR3hAGHgSO4=",
      "dev": true
    },
    "eslint-plugin-meteor": {
      "version": "4.0.1",
      "resolved": "https://registry.npmjs.org/eslint-plugin-meteor/-/eslint-plugin-meteor-4.0.1.tgz",
      "integrity": "sha1-RC70/mb5shrkComCZ4QSEVDLF/8=",
      "dev": true,
      "dependencies": {
        "babel-register": {
          "version": "6.16.3",
          "resolved": "https://registry.npmjs.org/babel-register/-/babel-register-6.16.3.tgz",
          "integrity": "sha1-ewwMp7/euRiLpMJ+X8t1maSXxiQ=",
          "dependencies": {
            "path-exists": {
              "version": "1.0.0",
              "resolved": "https://registry.npmjs.org/path-exists/-/path-exists-1.0.0.tgz",
              "integrity": "sha1-1aiZjrce83p0w06w2eum6HjuoIE="
            }
          }
        },
        "babel-runtime": {
          "version": "6.11.6",
          "resolved": "https://registry.npmjs.org/babel-runtime/-/babel-runtime-6.11.6.tgz",
          "integrity": "sha1-bbcH/vLUnEm/o8tk79tDa1GLgiI="
        },
        "home-or-tmp": {
          "version": "1.0.0",
          "resolved": "https://registry.npmjs.org/home-or-tmp/-/home-or-tmp-1.0.0.tgz",
          "integrity": "sha1-S58eQIAMPlDGwn94FnavzOcfOYU="
        },
        "invariant": {
          "version": "2.2.1",
          "resolved": "https://registry.npmjs.org/invariant/-/invariant-2.2.1.tgz",
          "integrity": "sha1-sJcBBUdmjH4zcCjr6Bbr42yKjVQ="
        },
        "path-exists": {
          "version": "3.0.0",
          "resolved": "https://registry.npmjs.org/path-exists/-/path-exists-3.0.0.tgz",
          "integrity": "sha1-zg6+ql94yxiSXqfYENe1mwEP1RU="
        },
        "regenerator-runtime": {
          "version": "0.9.6",
          "resolved": "https://registry.npmjs.org/regenerator-runtime/-/regenerator-runtime-0.9.6.tgz",
          "integrity": "sha1-0z65XQ0gAaS+OWWXB8UbDLcc4Ck="
        },
        "user-home": {
          "version": "1.1.1",
          "resolved": "https://registry.npmjs.org/user-home/-/user-home-1.1.1.tgz",
          "integrity": "sha1-K1viOjK2Onyd640PKNSFcko98ZA="
        }
      }
    },
    "eslint-plugin-react": {
      "version": "6.10.3",
      "resolved": "https://registry.npmjs.org/eslint-plugin-react/-/eslint-plugin-react-6.10.3.tgz",
      "integrity": "sha1-xUNb6wZ3ThLH2y9qut3L+QDNP3g=",
      "dev": true,
      "dependencies": {
        "doctrine": {
          "version": "1.5.0",
          "resolved": "https://registry.npmjs.org/doctrine/-/doctrine-1.5.0.tgz",
          "integrity": "sha1-N53Ocw9hZvds76TmcHoVmwLFpvo="
        }
      }
    },
    "g": {
      "version": "2.0.1",
      "resolved": "https://registry.npmjs.org/g/-/g-2.0.1.tgz",
      "integrity": "sha1-C1lj69DKcOO8jGdmk0oCGCHIuFc=",
      "dev": true
    },
    "jsdom": {
      "version": "10.1.0",
      "resolved": "https://registry.npmjs.org/jsdom/-/jsdom-10.1.0.tgz",
      "integrity": "sha1-d2XgD9XDVn80mFochv9GamHazGo=",
      "dev": true,
      "dependencies": {
        "acorn": {
          "version": "4.0.13",
          "resolved": "https://registry.npmjs.org/acorn/-/acorn-4.0.13.tgz",
          "integrity": "sha1-EFSVrlNh1pe9GVyCUZLhrX8lN4c="
        }
      }
    },
    "mantra-core": {
      "version": "1.7.0",
      "resolved": "https://registry.npmjs.org/mantra-core/-/mantra-core-1.7.0.tgz",
      "integrity": "sha1-qMg+jO6D72pzgxMVGf6AMa1UY4Y="
    },
    "mantra-lint": {
      "version": "0.0.1",
      "resolved": "https://registry.npmjs.org/mantra-lint/-/mantra-lint-0.0.1.tgz",
      "integrity": "sha1-sHclgTCaAnmOCkT6Q3xbjwxF+R0=",
      "dev": true
    },
    "meteor-node-stubs": {
      "version": "0.2.11",
      "resolved": "https://registry.npmjs.org/meteor-node-stubs/-/meteor-node-stubs-0.2.11.tgz",
      "integrity": "sha1-cV5Owc6IgkiylgThbQkiVrDLfjQ=",
      "dependencies": {
        "Base64": {
          "version": "0.2.1",
          "resolved": "https://registry.npmjs.org/Base64/-/Base64-0.2.1.tgz",
          "integrity": "sha1-ujpCMHCOGGcFBl5mur3Uw1z2ACg="
        },
        "asn1.js": {
          "version": "4.9.0",
          "resolved": "https://registry.npmjs.org/asn1.js/-/asn1.js-4.9.0.tgz",
          "integrity": "sha1-9xoSQ/PnnUbXsH1/v0gk7nOvBUo="
        },
        "assert": {
          "version": "1.4.1",
          "resolved": "https://registry.npmjs.org/assert/-/assert-1.4.1.tgz",
          "integrity": "sha1-mZEtWRg2tab1s0XA8H7vwI/GXZE="
        },
        "balanced-match": {
          "version": "0.4.2",
          "resolved": "https://registry.npmjs.org/balanced-match/-/balanced-match-0.4.2.tgz",
          "integrity": "sha1-yz8+PHMtwPAe5wtAPzAuYddwmDg="
        },
        "base64-js": {
          "version": "1.2.0",
          "resolved": "https://registry.npmjs.org/base64-js/-/base64-js-1.2.0.tgz",
          "integrity": "sha1-o5mS1yNYSBGYK+XikLtqU9hnAPE="
        },
        "bn.js": {
          "version": "4.11.6",
          "resolved": "https://registry.npmjs.org/bn.js/-/bn.js-4.11.6.tgz",
          "integrity": "sha1-UzRK2xRhehP26N0s4okF0cC6MhU="
        },
        "brace-expansion": {
          "version": "1.1.7",
          "resolved": "https://registry.npmjs.org/brace-expansion/-/brace-expansion-1.1.7.tgz",
          "integrity": "sha1-Pv/DxQ4ABTH7cg6v+A8K6O8jz1k="
        },
        "brorand": {
          "version": "1.0.6",
          "resolved": "https://registry.npmjs.org/brorand/-/brorand-1.0.6.tgz",
          "integrity": "sha1-QChwa5FfkfezSaLgvzw3YDnSFuU="
        },
        "browserify-aes": {
          "version": "1.0.6",
          "resolved": "https://registry.npmjs.org/browserify-aes/-/browserify-aes-1.0.6.tgz",
          "integrity": "sha1-Xncl297x/Vkw1OurSFZ85FHEigo="
        },
        "browserify-cipher": {
          "version": "1.0.0",
          "resolved": "https://registry.npmjs.org/browserify-cipher/-/browserify-cipher-1.0.0.tgz",
          "integrity": "sha1-mYgkSHS/XtTijalWZtzWasj8Njo="
        },
        "browserify-des": {
          "version": "1.0.0",
          "resolved": "https://registry.npmjs.org/browserify-des/-/browserify-des-1.0.0.tgz",
          "integrity": "sha1-2qJ3cXRwki7S/hhZQRihdUOXId0="
        },
        "browserify-rsa": {
          "version": "4.0.1",
          "resolved": "https://registry.npmjs.org/browserify-rsa/-/browserify-rsa-4.0.1.tgz",
          "integrity": "sha1-IeCr+vbyApzy+vsTNWenAdQTVSQ="
        },
        "browserify-sign": {
          "version": "4.0.0",
          "resolved": "https://registry.npmjs.org/browserify-sign/-/browserify-sign-4.0.0.tgz",
          "integrity": "sha1-EHc5EMPCBtVCCkaq2GlPgguFlo8="
        },
        "browserify-zlib": {
          "version": "0.1.4",
          "resolved": "https://registry.npmjs.org/browserify-zlib/-/browserify-zlib-0.1.4.tgz",
          "integrity": "sha1-uzX4pRn2AOD6a4SFJByXnQFB+y0="
        },
        "buffer": {
          "version": "4.9.1",
          "resolved": "https://registry.npmjs.org/buffer/-/buffer-4.9.1.tgz",
          "integrity": "sha1-bRu2AbB6TvztlwlBMgkwJ8lbwpg="
        },
        "buffer-xor": {
          "version": "1.0.3",
          "resolved": "https://registry.npmjs.org/buffer-xor/-/buffer-xor-1.0.3.tgz",
          "integrity": "sha1-JuYe0UIvtw3ULm42cp7VHYVf6Nk="
        },
        "cipher-base": {
          "version": "1.0.3",
          "resolved": "https://registry.npmjs.org/cipher-base/-/cipher-base-1.0.3.tgz",
          "integrity": "sha1-7qvxlEGc6QDaMBjCB9IS8qbfCgc="
        },
        "concat-map": {
          "version": "0.0.1",
          "resolved": "https://registry.npmjs.org/concat-map/-/concat-map-0.0.1.tgz",
          "integrity": "sha1-2Klr13/Wjfd5OnMDajug1UBdR3s="
        },
        "console-browserify": {
          "version": "1.1.0",
          "resolved": "https://registry.npmjs.org/console-browserify/-/console-browserify-1.1.0.tgz",
          "integrity": "sha1-8CQcRXMKn8YyOyBtvzjtx0HQuxA="
        },
        "constants-browserify": {
          "version": "1.0.0",
          "resolved": "https://registry.npmjs.org/constants-browserify/-/constants-browserify-1.0.0.tgz",
          "integrity": "sha1-wguW2MYXdIqvHBYCF2DNJ/y4y3U="
        },
        "create-ecdh": {
          "version": "4.0.0",
          "resolved": "https://registry.npmjs.org/create-ecdh/-/create-ecdh-4.0.0.tgz",
          "integrity": "sha1-iIxyNZbN92EvZJgjPuvXo1MBc30="
        },
        "create-hash": {
          "version": "1.1.2",
          "resolved": "https://registry.npmjs.org/create-hash/-/create-hash-1.1.2.tgz",
          "integrity": "sha1-USEAYte7dHn2xlu0GpIgix1hq60="
        },
        "create-hmac": {
          "version": "1.1.4",
          "resolved": "https://registry.npmjs.org/create-hmac/-/create-hmac-1.1.4.tgz",
          "integrity": "sha1-0/tLolPriz9W456i+8uK90e9MXA="
        },
        "crypto-browserify": {
          "version": "3.11.0",
          "resolved": "https://registry.npmjs.org/crypto-browserify/-/crypto-browserify-3.11.0.tgz",
          "integrity": "sha1-NlKgkGq5sqfgw85mpAjpV6JIVSI="
        },
        "date-now": {
          "version": "0.1.4",
          "resolved": "https://registry.npmjs.org/date-now/-/date-now-0.1.4.tgz",
          "integrity": "sha1-6vQ5/U1ISK105cx9vvIAZyueNFs="
        },
        "des.js": {
          "version": "1.0.0",
          "resolved": "https://registry.npmjs.org/des.js/-/des.js-1.0.0.tgz",
          "integrity": "sha1-wHTS4qpqipoH29YfmhXCzYPsjsw="
        },
        "diffie-hellman": {
          "version": "5.0.2",
          "resolved": "https://registry.npmjs.org/diffie-hellman/-/diffie-hellman-5.0.2.tgz",
          "integrity": "sha1-tYNXOScM/ias9jIJn97SoH8gnl4="
        },
        "domain-browser": {
          "version": "1.1.7",
          "resolved": "https://registry.npmjs.org/domain-browser/-/domain-browser-1.1.7.tgz",
          "integrity": "sha1-hnqksJP6oF8d4IwG9NeyH9+GmLw="
        },
        "elliptic": {
          "version": "6.3.2",
          "resolved": "https://registry.npmjs.org/elliptic/-/elliptic-6.3.2.tgz",
          "integrity": "sha1-5MgeCCnPCmWrcOmYuCMnI7XBvEg="
        },
        "events": {
          "version": "1.1.1",
          "resolved": "https://registry.npmjs.org/events/-/events-1.1.1.tgz",
          "integrity": "sha1-nr23Y1rQmccNzEwqH1AEKI6L2SQ="
        },
        "evp_bytestokey": {
          "version": "1.0.0",
          "resolved": "https://registry.npmjs.org/evp_bytestokey/-/evp_bytestokey-1.0.0.tgz",
          "integrity": "sha1-SXtmrZ/vZc18CKYYCCS6FHa2blM="
        },
        "fs.realpath": {
          "version": "1.0.0",
          "resolved": "https://registry.npmjs.org/fs.realpath/-/fs.realpath-1.0.0.tgz",
          "integrity": "sha1-FQStJSMVjKpA20onh8sBQRmU6k8="
        },
        "glob": {
          "version": "7.1.2",
          "resolved": "https://registry.npmjs.org/glob/-/glob-7.1.2.tgz",
          "integrity": "sha512-MJTUg1kjuLeQCJ+ccE4Vpa6kKVXkPYJ2mOCQyUuKLcLQsdrMCpBPUi8qVE6+YuaJkozeA9NusTAw3hLr8Xe5EQ=="
        },
        "hash.js": {
          "version": "1.0.3",
          "resolved": "https://registry.npmjs.org/hash.js/-/hash.js-1.0.3.tgz",
          "integrity": "sha1-EzL/ABVsCg/92CNgE9B7d6BFFXM="
        },
        "http-browserify": {
          "version": "1.7.0",
          "resolved": "https://registry.npmjs.org/http-browserify/-/http-browserify-1.7.0.tgz",
          "integrity": "sha1-M3la3nLfiKz7/TZ3PO/tp2RzWyA="
        },
        "https-browserify": {
          "version": "0.0.1",
          "resolved": "https://registry.npmjs.org/https-browserify/-/https-browserify-0.0.1.tgz",
          "integrity": "sha1-P5E2XKvmC3ftDruiS0VOPgnZWoI="
        },
        "ieee754": {
          "version": "1.1.8",
          "resolved": "https://registry.npmjs.org/ieee754/-/ieee754-1.1.8.tgz",
          "integrity": "sha1-vjPUCsEO8ZJnAfbwii2G+/0a0+Q="
        },
        "indexof": {
          "version": "0.0.1",
          "resolved": "https://registry.npmjs.org/indexof/-/indexof-0.0.1.tgz",
          "integrity": "sha1-gtwzbSMrkGIXnQWrMpOmYFn9Q10="
        },
        "inflight": {
          "version": "1.0.6",
          "resolved": "https://registry.npmjs.org/inflight/-/inflight-1.0.6.tgz",
          "integrity": "sha1-Sb1jMdfQLQwJvJEKEHW6gWW1bfk="
        },
        "inherits": {
          "version": "2.0.1",
          "resolved": "https://registry.npmjs.org/inherits/-/inherits-2.0.1.tgz",
          "integrity": "sha1-sX0I0ya0Qj5Wjv9xn5GwscvfafE="
        },
        "isarray": {
          "version": "1.0.0",
          "resolved": "https://registry.npmjs.org/isarray/-/isarray-1.0.0.tgz",
          "integrity": "sha1-u5NdSFgsuhaMBoNJV6VKPgcSTxE="
        },
        "miller-rabin": {
          "version": "4.0.0",
          "resolved": "https://registry.npmjs.org/miller-rabin/-/miller-rabin-4.0.0.tgz",
          "integrity": "sha1-SmL7HUKTPAVYOYL0xxb2+55sbT0="
        },
        "minimalistic-assert": {
          "version": "1.0.0",
          "resolved": "https://registry.npmjs.org/minimalistic-assert/-/minimalistic-assert-1.0.0.tgz",
          "integrity": "sha1-cCvi3aazf0g2vLP121ZkG2Sh09M="
        },
        "minimatch": {
          "version": "3.0.4",
          "resolved": "https://registry.npmjs.org/minimatch/-/minimatch-3.0.4.tgz",
          "integrity": "sha512-yJHVQEhyqPLUTgt9B83PXu6W3rx4MvvHvSUvToogpwoGDOUQ+yDrR0HRot+yOCdCO7u4hX3pWft6kWBBcqh0UA=="
        },
        "once": {
          "version": "1.4.0",
          "resolved": "https://registry.npmjs.org/once/-/once-1.4.0.tgz",
          "integrity": "sha1-WDsap3WWHUsROsF9nFC6753Xa9E="
        },
        "os-browserify": {
          "version": "0.2.1",
          "resolved": "https://registry.npmjs.org/os-browserify/-/os-browserify-0.2.1.tgz",
          "integrity": "sha1-Y/xMzuXS13Y9Jrv4YBB45sLgBE8="
        },
        "pako": {
          "version": "0.2.9",
          "resolved": "https://registry.npmjs.org/pako/-/pako-0.2.9.tgz",
          "integrity": "sha1-8/dSL073gjSNqBYbrZ7P1Rv4OnU="
        },
        "parse-asn1": {
          "version": "5.0.0",
          "resolved": "https://registry.npmjs.org/parse-asn1/-/parse-asn1-5.0.0.tgz",
          "integrity": "sha1-NQYPbVAV03Yox3D04JGgtaJ4vCM="
        },
        "path-browserify": {
          "version": "0.0.0",
          "resolved": "https://registry.npmjs.org/path-browserify/-/path-browserify-0.0.0.tgz",
          "integrity": "sha1-oLhwcpquIUAFt9UDLsLLuw+0RRo="
        },
        "path-is-absolute": {
          "version": "1.0.1",
          "resolved": "https://registry.npmjs.org/path-is-absolute/-/path-is-absolute-1.0.1.tgz",
          "integrity": "sha1-F0uSaHNVNP+8es5r9TpanhtcX18="
        },
        "pbkdf2": {
          "version": "3.0.9",
          "resolved": "https://registry.npmjs.org/pbkdf2/-/pbkdf2-3.0.9.tgz",
          "integrity": "sha1-8sSyWmAAWLPDdzwIbDfbvuH/5pM="
        },
        "process": {
          "version": "0.11.9",
          "resolved": "https://registry.npmjs.org/process/-/process-0.11.9.tgz",
          "integrity": "sha1-e9WtIapiU+fahoImTx4R0RwDGME="
        },
        "process-nextick-args": {
          "version": "1.0.7",
          "resolved": "https://registry.npmjs.org/process-nextick-args/-/process-nextick-args-1.0.7.tgz",
          "integrity": "sha1-FQ4gt1ZZCtP5EJPyWk8q2L/zC6M="
        },
        "public-encrypt": {
          "version": "4.0.0",
          "resolved": "https://registry.npmjs.org/public-encrypt/-/public-encrypt-4.0.0.tgz",
          "integrity": "sha1-OfaZ86RlYN1eusvKaTyvfGXBjMY="
        },
        "punycode": {
          "version": "1.4.1",
          "resolved": "https://registry.npmjs.org/punycode/-/punycode-1.4.1.tgz",
          "integrity": "sha1-wNWmOycYgArY4esPpSachN1BhF4="
        },
        "querystring": {
          "version": "0.2.0",
          "resolved": "https://registry.npmjs.org/querystring/-/querystring-0.2.0.tgz",
          "integrity": "sha1-sgmEkgO7Jd+CDadW50cAWHhSFiA="
        },
        "querystring-es3": {
          "version": "0.2.1",
          "resolved": "https://registry.npmjs.org/querystring-es3/-/querystring-es3-0.2.1.tgz",
          "integrity": "sha1-nsYfeQSYdXB9aUFFlv2Qek1xHnM="
        },
        "randombytes": {
          "version": "2.0.3",
          "resolved": "https://registry.npmjs.org/randombytes/-/randombytes-2.0.3.tgz",
          "integrity": "sha1-Z0yZdgkBw8QRJ3GjHlIdw0nMCew="
        },
        "readable-stream": {
          "version": "git+https://github.com/meteor/readable-stream.git#2e9112d7d31a2af6e0682db0e18679b1e5fd4694",
          "from": "readable-stream@git+https://github.com/meteor/readable-stream.git#2e9112d7d31a2af6e0682db0e18679b1e5fd4694"
        },
        "rimraf": {
          "version": "2.6.1",
          "resolved": "https://registry.npmjs.org/rimraf/-/rimraf-2.6.1.tgz",
          "integrity": "sha1-wjOOxkPfeht/5cVPqG9XQopV8z0="
        },
        "ripemd160": {
          "version": "1.0.1",
          "resolved": "https://registry.npmjs.org/ripemd160/-/ripemd160-1.0.1.tgz",
          "integrity": "sha1-k6S71JQrxXS2mo+lfHHeEOzKfW4="
        },
        "safe-buffer": {
          "version": "5.0.1",
          "resolved": "https://registry.npmjs.org/safe-buffer/-/safe-buffer-5.0.1.tgz",
          "integrity": "sha1-0mPKVGls2KMGtcplUekt5XkY++c="
        },
        "sha.js": {
          "version": "2.4.8",
          "resolved": "https://registry.npmjs.org/sha.js/-/sha.js-2.4.8.tgz",
          "integrity": "sha1-NwaMLEdra69ALRSknGf1l5IfY08="
        },
        "stream-browserify": {
          "version": "2.0.1",
          "resolved": "https://registry.npmjs.org/stream-browserify/-/stream-browserify-2.0.1.tgz",
          "integrity": "sha1-ZiZu5fm9uZQKTkUUyvtDu3Hlyds="
        },
        "string_decoder": {
          "version": "1.0.1",
          "resolved": "https://registry.npmjs.org/string_decoder/-/string_decoder-1.0.1.tgz",
          "integrity": "sha1-YuIA8DmVWmgQ2N8KM//A8BNmLZg="
        },
        "timers-browserify": {
          "version": "1.4.2",
          "resolved": "https://registry.npmjs.org/timers-browserify/-/timers-browserify-1.4.2.tgz",
          "integrity": "sha1-ycWLV1voQHN1y14kYtrO50NZ9B0="
        },
        "tty-browserify": {
          "version": "0.0.0",
          "resolved": "https://registry.npmjs.org/tty-browserify/-/tty-browserify-0.0.0.tgz",
          "integrity": "sha1-oVe6QC2iTpv5V/mqadUk7tQpAaY="
        },
        "url": {
          "version": "0.11.0",
          "resolved": "https://registry.npmjs.org/url/-/url-0.11.0.tgz",
          "integrity": "sha1-ODjpfPxgUh63PFJajlW/3Z4uKPE=",
          "dependencies": {
            "punycode": {
              "version": "1.3.2",
              "resolved": "https://registry.npmjs.org/punycode/-/punycode-1.3.2.tgz",
              "integrity": "sha1-llOgNvt8HuQjQvIyXM7v6jkmxI0="
            }
          }
        },
        "util": {
          "version": "0.10.3",
          "resolved": "https://registry.npmjs.org/util/-/util-0.10.3.tgz",
          "integrity": "sha1-evsa/lCAUkZInj23/g7TeTNqwPk="
        },
        "util-deprecate": {
          "version": "1.0.2",
          "resolved": "https://registry.npmjs.org/util-deprecate/-/util-deprecate-1.0.2.tgz",
          "integrity": "sha1-RQ1Nyfpw3nMnYvvS1KKJgUGaDM8="
        },
        "vm-browserify": {
          "version": "0.0.4",
          "resolved": "https://registry.npmjs.org/vm-browserify/-/vm-browserify-0.0.4.tgz",
          "integrity": "sha1-XX6kW7755Kb/ZflUOOCofDV9WnM="
        },
        "wrappy": {
          "version": "1.0.2",
          "resolved": "https://registry.npmjs.org/wrappy/-/wrappy-1.0.2.tgz",
          "integrity": "sha1-tSQ9jz7BqjXxNkYFvA0QNuMKtp8="
        }
      }
    },
    "mocha": {
      "version": "3.4.2",
      "resolved": "https://registry.npmjs.org/mocha/-/mocha-3.4.2.tgz",
      "integrity": "sha1-0O9NMyEm2/GNDWQMmzgt1IvpdZQ=",
      "dev": true,
      "dependencies": {
        "commander": {
          "version": "2.9.0",
          "resolved": "https://registry.npmjs.org/commander/-/commander-2.9.0.tgz",
          "integrity": "sha1-nJkJQXbhIkDLItbFFGCYQA/g99Q="
        },
        "debug": {
          "version": "2.6.0",
          "resolved": "https://registry.npmjs.org/debug/-/debug-2.6.0.tgz",
          "integrity": "sha1-vFlryr52F/Edn6FTYe3tVgi4SZs="
        },
        "glob": {
          "version": "7.1.1",
          "resolved": "https://registry.npmjs.org/glob/-/glob-7.1.1.tgz",
          "integrity": "sha1-gFIR3wT6rxxjo2ADBs31reULLsg="
        },
        "ms": {
          "version": "0.7.2",
          "resolved": "https://registry.npmjs.org/ms/-/ms-0.7.2.tgz",
          "integrity": "sha1-riXPJRKziFodldfwN4aNhDESR2U="
        },
        "supports-color": {
          "version": "3.1.2",
          "resolved": "https://registry.npmjs.org/supports-color/-/supports-color-3.1.2.tgz",
          "integrity": "sha1-cqJiiU2dQIuVbKBf83su2KbiotU="
        }
      }
    },
    "prop-types": {
      "version": "15.5.10",
      "resolved": "https://registry.npmjs.org/prop-types/-/prop-types-15.5.10.tgz",
      "integrity": "sha1-J5ffwxJhguOpXj37suiT3ddFYVQ="
    },
    "proxyquire": {
      "version": "1.8.0",
      "resolved": "https://registry.npmjs.org/proxyquire/-/proxyquire-1.8.0.tgz",
      "integrity": "sha1-AtUUpb7ZhvBMuyCTrxZ0FTX3ntw=",
      "dev": true,
      "dependencies": {
        "resolve": {
          "version": "1.1.7",
          "resolved": "https://registry.npmjs.org/resolve/-/resolve-1.1.7.tgz",
          "integrity": "sha1-IDEU2CrSxe2ejgQRs5ModeiJ6Xs="
        }
      }
    },
    "raw-loader": {
      "version": "0.5.1",
      "resolved": "https://registry.npmjs.org/raw-loader/-/raw-loader-0.5.1.tgz",
      "integrity": "sha1-DD0L6u2KAclm2Xh793goElKpeao=",
      "dev": true
    },
    "react": {
      "version": "15.6.1",
      "resolved": "https://registry.npmjs.org/react/-/react-15.6.1.tgz",
      "integrity": "sha1-uqhDTsZ4C96ZfNw4C3nNM7ljk98="
    },
    "react-addons-test-utils": {
      "version": "15.6.0",
      "resolved": "https://registry.npmjs.org/react-addons-test-utils/-/react-addons-test-utils-15.6.0.tgz",
      "integrity": "sha1-Bi02EX/o0Y87peBuszODsLhepbk=",
      "dev": true
    },
    "react-dom": {
      "version": "15.6.1",
      "resolved": "https://registry.npmjs.org/react-dom/-/react-dom-15.6.1.tgz",
      "integrity": "sha1-LLDtQZEDjlPCCes6eaI+Kkz5lHA="
    },
    "react-helmet": {
      "version": "5.1.3",
      "resolved": "https://registry.npmjs.org/react-helmet/-/react-helmet-5.1.3.tgz",
      "integrity": "sha1-zUBiZZOinuz2hLbTjXEfRMSBiK8="
    },
    "react-intl": {
      "version": "2.3.0",
      "resolved": "https://registry.npmjs.org/react-intl/-/react-intl-2.3.0.tgz",
      "integrity": "sha1-4d9q9WZ/3wHL5KqyDhNyUeKuUUI="
    },
    "react-router": {
      "version": "3.0.5",
      "resolved": "https://registry.npmjs.org/react-router/-/react-router-3.0.5.tgz",
      "integrity": "sha1-w7eHN1gEWou8lWKu9P9LyMznwTY="
    },
    "react-simple-di": {
      "version": "1.2.0",
      "resolved": "https://registry.npmjs.org/react-simple-di/-/react-simple-di-1.2.0.tgz",
      "integrity": "sha1-3eDlv2ifOR7yqwLJBDshP+I5xtA="
    },
    "sanitize-html": {
      "version": "1.14.1",
      "resolved": "https://registry.npmjs.org/sanitize-html/-/sanitize-html-1.14.1.tgz",
      "integrity": "sha1-cw/6Ikm98YMz7/5FsoYXPJxa0Lg="
    },
    "sinon": {
      "version": "2.3.8",
      "resolved": "https://registry.npmjs.org/sinon/-/sinon-2.3.8.tgz",
      "integrity": "sha1-Md4G/tj7o6Zx5XbdltClhjeW8lw=",
      "dev": true,
      "dependencies": {
        "isarray": {
          "version": "0.0.1",
          "resolved": "https://registry.npmjs.org/isarray/-/isarray-0.0.1.tgz",
          "integrity": "sha1-ihis/Kmo9Bd+Cav8YDiTmwXR7t8="
        },
        "path-to-regexp": {
          "version": "1.7.0",
          "resolved": "https://registry.npmjs.org/path-to-regexp/-/path-to-regexp-1.7.0.tgz",
          "integrity": "sha1-Wf3g9DW62suhA6hOnTvGTpa5k30="
        },
        "type-detect": {
          "version": "4.0.3",
          "resolved": "https://registry.npmjs.org/type-detect/-/type-detect-4.0.3.tgz",
          "integrity": "sha1-Dj8mcLRAmbC0bChNE2p+9Jx0wuo="
        }
      }
    },
    "string": {
      "version": "3.3.3",
      "resolved": "https://registry.npmjs.org/string/-/string-3.3.3.tgz",
      "integrity": "sha1-XqIRzZLSKOGEKUmQpsyXs2anfLA="
    },
    "style-loader": {
      "version": "0.16.1",
      "resolved": "https://registry.npmjs.org/style-loader/-/style-loader-0.16.1.tgz",
      "integrity": "sha1-UOMlJY1OeEId2WgGNrQehmFZXRA=",
      "dev": true,
      "dependencies": {
        "loader-utils": {
          "version": "1.1.0",
          "resolved": "https://registry.npmjs.org/loader-utils/-/loader-utils-1.1.0.tgz",
          "integrity": "sha1-yYrvSIvM7aL/teLeZG1qdUQp9c0="
        }
      }
    }
  }
}
